PODS:
  - Capacitor (8.3.1):
    - CapacitorCordova
  - CapacitorCordova (8.3.1)

DEPENDENCIES:
  - "Capacitor (from `../../node_modules/@capacitor/ios`)"
  - "CapacitorCordova (from `../../node_modules/@capacitor/ios`)"

EXTERNAL SOURCES:
  Capacitor:
    :path: "../../node_modules/@capacitor/ios"
  CapacitorCordova:
    :path: "../../node_modules/@capacitor/ios"

SPEC CHECKSUMS:
  Capacitor: 66895d1f43f02264d13e9eb1ea3fbc9c3e02224b
  CapacitorCordova: 9010447fe25e869705fcf525e5f490facde87608

PODFILE CHECKSUM: d6a9a333eeb0d903afe987fa46559ce99615b1d8

COCOAPODS: 1.16.2
